
Microsoft Visual Studio Solution File, Format Version 12.00
# Visual Studio Version 17
VisualStudioVersion = 17.3.32825.248
MinimumVisualStudioVersion = 10.0.40219.1
Project("{FAE04EC0-301F-11D3-BF4B-00C04F79EFBC}") = "AQUI_ESTOY", "AQUI_ESTOY.csproj", "{E5E216F9-5BA5-43DE-86AE-F7964B49E696}"
EndProject
Global
	GlobalSection(SolutionConfigurationPlatforms) = preSolution
		Debug|Any CPU = Debug|Any CPU
		Release|Any CPU = Release|Any CPU
	EndGlobalSection
	GlobalSection(ProjectConfigurationPlatforms) = postSolution
		{E5E216F9-5BA5-43DE-86AE-F7964B49E696}.Debug|Any CPU.ActiveCfg = Debug|Any CPU
		{E5E216F9-5BA5-43DE-86AE-F7964B49E696}.Debug|Any CPU.Build.0 = Debug|Any CPU
		{E5E216F9-5BA5-43DE-86AE-F7964B49E696}.Release|Any CPU.ActiveCfg = Release|Any CPU
		{E5E216F9-5BA5-43DE-86AE-F7964B49E696}.Release|Any CPU.Build.0 = Release|Any CPU
	EndGlobalSection
	GlobalSection(SolutionProperties) = preSolution
		HideSolutionNode = FALSE
	EndGlobalSection
	GlobalSection(ExtensibilityGlobals) = postSolution
		SolutionGuid = {034111AA-9144-4639-B77B-724B2E7B0A4A}
	EndGlobalSection
EndGlobal
